
Microsoft Visual Studio Solution File, Format Version 12.00
# Visual Studio Version 17
VisualStudioVersion = 17.10.34928.147
MinimumVisualStudioVersion = 10.0.40219.1
Project("{FAE04EC0-301F-11D3-BF4B-00C04F79EFBC}") = "POLICLINIKA", "POLICLINIKA\POLICLINIKA.csproj", "{06A87A0B-F46F-4C3C-A8C0-A876CAF6BDA5}"
EndProject
Global
	GlobalSection(SolutionConfigurationPlatforms) = preSolution
		Debug|Any CPU = Debug|Any CPU
		Release|Any CPU = Release|Any CPU
	EndGlobalSection
	GlobalSection(ProjectConfigurationPlatforms) = postSolution
		{06A87A0B-F46F-4C3C-A8C0-A876CAF6BDA5}.Debug|Any CPU.ActiveCfg = Debug|Any CPU
		{06A87A0B-F46F-4C3C-A8C0-A876CAF6BDA5}.Debug|Any CPU.Build.0 = Debug|Any CPU
		{06A87A0B-F46F-4C3C-A8C0-A876CAF6BDA5}.Release|Any CPU.ActiveCfg = Release|Any CPU
		{06A87A0B-F46F-4C3C-A8C0-A876CAF6BDA5}.Release|Any CPU.Build.0 = Release|Any CPU
	EndGlobalSection
	GlobalSection(SolutionProperties) = preSolution
		HideSolutionNode = FALSE
	EndGlobalSection
	GlobalSection(ExtensibilityGlobals) = postSolution
		SolutionGuid = {EE2A5985-E9E6-411F-83D6-ED6848AB2C15}
	EndGlobalSection
EndGlobal
